
Microsoft Visual Studio Solution File, Format Version 12.00
# Visual Studio Version 16
VisualStudioVersion = 16.0.32106.194
MinimumVisualStudioVersion = 10.0.40219.1
Project("{FAE04EC0-301F-11D3-BF4B-00C04F79EFBC}") = "NetCoreMVC.Api", "NetCoreMVC.Api\NetCoreMVC.Api.csproj", "{D95D4144-9305-49EF-AF4A-69AE4089EEA1}"
EndProject
Global
	GlobalSection(SolutionConfigurationPlatforms) = preSolution
		Debug|Any CPU = Debug|Any CPU
		Release|Any CPU = Release|Any CPU
	EndGlobalSection
	GlobalSection(ProjectConfigurationPlatforms) = postSolution
		{D95D4144-9305-49EF-AF4A-69AE4089EEA1}.Debug|Any CPU.ActiveCfg = Debug|Any CPU
		{D95D4144-9305-49EF-AF4A-69AE4089EEA1}.Debug|Any CPU.Build.0 = Debug|Any CPU
		{D95D4144-9305-49EF-AF4A-69AE4089EEA1}.Release|Any CPU.ActiveCfg = Release|Any CPU
		{D95D4144-9305-49EF-AF4A-69AE4089EEA1}.Release|Any CPU.Build.0 = Release|Any CPU
	EndGlobalSection
	GlobalSection(SolutionProperties) = preSolution
		HideSolutionNode = FALSE
	EndGlobalSection
	GlobalSection(ExtensibilityGlobals) = postSolution
		SolutionGuid = {77CFF46A-0F49-406D-A169-0EBFA6A01453}
	EndGlobalSection
EndGlobal
